// !$*UTF8*$!
{
	archiveVersion = 1;
	classes = {
	};
	objectVersion = 46;
	objects = {

/* Begin PBXBuildFile section */
		A4086AA615E2B3330047B996 /* CocoaLibSpotify.framework in CopyFiles */ = {isa = PBXBuildFile; fileRef = A4C4F06115D14D5400EE162F /* CocoaLibSpotify.framework */; };
		A4086AA715E2B3450047B996 /* CocoaLibSpotify.framework in Frameworks */ = {isa = PBXBuildFile; fileRef = A4C4F06115D14D5400EE162F /* CocoaLibSpotify.framework */; };
		A427E4DA15D54AE500DBED5F /* README.md in Resources */ = {isa = PBXBuildFile; fileRef = A427E4D915D54AE500DBED5F /* README.md */; };
		A427E4EA15DE53A500DBED5F /* LCImageView.m in Sources */ = {isa = PBXBuildFile; fileRef = A427E4E915DE53A500DBED5F /* LCImageView.m */; };
		A427E4F515DE553400DBED5F /* bar.png in Resources */ = {isa = PBXBuildFile; fileRef = A427E4EB15DE553400DBED5F /* bar.png */; };
		A427E4F615DE553400DBED5F /* bar@2x.png in Resources */ = {isa = PBXBuildFile; fileRef = A427E4EC15DE553400DBED5F /* bar@2x.png */; };
		A427E4F715DE553400DBED5F /* nextHover.png in Resources */ = {isa = PBXBuildFile; fileRef = A427E4ED15DE553400DBED5F /* nextHover.png */; };
		A427E4F815DE553400DBED5F /* nextHover@2x.png in Resources */ = {isa = PBXBuildFile; fileRef = A427E4EE15DE553400DBED5F /* nextHover@2x.png */; };
		A427E4F915DE553400DBED5F /* pause.png in Resources */ = {isa = PBXBuildFile; fileRef = A427E4EF15DE553400DBED5F /* pause.png */; };
		A427E4FA15DE553400DBED5F /* pause@2x.png in Resources */ = {isa = PBXBuildFile; fileRef = A427E4F015DE553400DBED5F /* pause@2x.png */; };
		A427E4FB15DE553400DBED5F /* play.png in Resources */ = {isa = PBXBuildFile; fileRef = A427E4F115DE553400DBED5F /* play.png */; };
		A427E4FC15DE553400DBED5F /* play@2x.png in Resources */ = {isa = PBXBuildFile; fileRef = A427E4F215DE553400DBED5F /* play@2x.png */; };
		A427E4FD15DE553400DBED5F /* separator.png in Resources */ = {isa = PBXBuildFile; fileRef = A427E4F315DE553400DBED5F /* separator.png */; };
		A427E4FE15DE553400DBED5F /* separator@2x.png in Resources */ = {isa = PBXBuildFile; fileRef = A427E4F415DE553400DBED5F /* separator@2x.png */; };
		A427E50115DE5A4A00DBED5F /* next.png in Resources */ = {isa = PBXBuildFile; fileRef = A427E4FF15DE5A4A00DBED5F /* next.png */; };
		A427E50215DE5A4A00DBED5F /* next@2x.png in Resources */ = {isa = PBXBuildFile; fileRef = A427E50015DE5A4A00DBED5F /* next@2x.png */; };
		A427E51C15DE7C9D00DBED5F /* LCWindow.m in Sources */ = {isa = PBXBuildFile; fileRef = A427E51B15DE7C9D00DBED5F /* LCWindow.m */; };
		A427E52015DE7E0000DBED5F /* LCWindowContentView.m in Sources */ = {isa = PBXBuildFile; fileRef = A427E51F15DE7E0000DBED5F /* LCWindowContentView.m */; };
		A427E52215DE9B6A00DBED5F /* QuartzCore.framework in Frameworks */ = {isa = PBXBuildFile; fileRef = A427E52115DE9B6A00DBED5F /* QuartzCore.framework */; };
		A429589415D2AB5800BC7077 /* NSMutableArray+Shuffle.m in Sources */ = {isa = PBXBuildFile; fileRef = A429589315D2AB5800BC7077 /* NSMutableArray+Shuffle.m */; };
		A429589915D2C0F600BC7077 /* LCLoginViewController.m in Sources */ = {isa = PBXBuildFile; fileRef = A429589715D2C0F600BC7077 /* LCLoginViewController.m */; };
		A429589A15D2C0F600BC7077 /* LCLoginViewController.xib in Resources */ = {isa = PBXBuildFile; fileRef = A429589815D2C0F600BC7077 /* LCLoginViewController.xib */; };
		A42958A015D2C2AA00BC7077 /* LCLoginWindowController.m in Sources */ = {isa = PBXBuildFile; fileRef = A429589E15D2C2AA00BC7077 /* LCLoginWindowController.m */; };
		A42958A115D2C2AA00BC7077 /* LCLoginWindowController.xib in Resources */ = {isa = PBXBuildFile; fileRef = A429589F15D2C2AA00BC7077 /* LCLoginWindowController.xib */; };
		A42958A915D2FC3100BC7077 /* LCUserPreferences.m in Sources */ = {isa = PBXBuildFile; fileRef = A42958A815D2FC3100BC7077 /* LCUserPreferences.m */; };
		A42958AC15D3054700BC7077 /* LCConstants.m in Sources */ = {isa = PBXBuildFile; fileRef = A42958AB15D3054600BC7077 /* LCConstants.m */; };
		A49971F115D1543100AA14E9 /* LCPlaybackManager.m in Sources */ = {isa = PBXBuildFile; fileRef = A49971F015D1543100AA14E9 /* LCPlaybackManager.m */; };
		A49971F315D172CA00AA14E9 /* AudioToolbox.framework in Frameworks */ = {isa = PBXBuildFile; fileRef = A49971F215D172C900AA14E9 /* AudioToolbox.framework */; };
		A4C4EF5915D1361E00EE162F /* Cocoa.framework in Frameworks */ = {isa = PBXBuildFile; fileRef = A4C4EF5815D1361E00EE162F /* Cocoa.framework */; };
		A4C4EF6315D1361E00EE162F /* InfoPlist.strings in Resources */ = {isa = PBXBuildFile; fileRef = A4C4EF6115D1361E00EE162F /* InfoPlist.strings */; };
		A4C4EF6515D1361E00EE162F /* main.m in Sources */ = {isa = PBXBuildFile; fileRef = A4C4EF6415D1361E00EE162F /* main.m */; };
		A4C4EF6915D1361E00EE162F /* Credits.rtf in Resources */ = {isa = PBXBuildFile; fileRef = A4C4EF6715D1361E00EE162F /* Credits.rtf */; };
		A4C4EF6C15D1361E00EE162F /* LCAppDelegate.m in Sources */ = {isa = PBXBuildFile; fileRef = A4C4EF6B15D1361E00EE162F /* LCAppDelegate.m */; };
		A4C4EF6F15D1361E00EE162F /* MainMenu.xib in Resources */ = {isa = PBXBuildFile; fileRef = A4C4EF6D15D1361E00EE162F /* MainMenu.xib */; };
		A4C4EF7A15D1376200EE162F /* LCWindowController.m in Sources */ = {isa = PBXBuildFile; fileRef = A4C4EF7815D1376200EE162F /* LCWindowController.m */; };
		A4C4EF7B15D1376200EE162F /* LCWindowController.xib in Resources */ = {isa = PBXBuildFile; fileRef = A4C4EF7915D1376200EE162F /* LCWindowController.xib */; };
		A4C4F06915D14E7A00EE162F /* appkey.c in Sources */ = {isa = PBXBuildFile; fileRef = A4C4F06815D14E7A00EE162F /* appkey.c */; };
		A4C4F06F15D14EF000EE162F /* LCMusicPlayerViewController.m in Sources */ = {isa = PBXBuildFile; fileRef = A4C4F06D15D14EF000EE162F /* LCMusicPlayerViewController.m */; };
		A4C4F07015D14EF000EE162F /* LCMusicPlayerViewController.xib in Resources */ = {isa = PBXBuildFile; fileRef = A4C4F06E15D14EF000EE162F /* LCMusicPlayerViewController.xib */; };
		A4E350B915D404D900565DE9 /* LCStyledView.m in Sources */ = {isa = PBXBuildFile; fileRef = A4E350B815D404D900565DE9 /* LCStyledView.m */; };
		A4E350BD15D4054600565DE9 /* NSBezierPath+Additions.m in Sources */ = {isa = PBXBuildFile; fileRef = A4E350BC15D4054600565DE9 /* NSBezierPath+Additions.m */; };
		A4E350C115D4055D00565DE9 /* NSImage+Additions.m in Sources */ = {isa = PBXBuildFile; fileRef = A4E350C015D4055D00565DE9 /* NSImage+Additions.m */; };
		A4E350C515D4057D00565DE9 /* NSGraphicsContext+Additions.m in Sources */ = {isa = PBXBuildFile; fileRef = A4E350C415D4057D00565DE9 /* NSGraphicsContext+Additions.m */; };
		F4D7B16115E3A15100E1D3AC /* SPMediaKeyTap.m in Sources */ = {isa = PBXBuildFile; fileRef = F4D7B16015E3A15100E1D3AC /* SPMediaKeyTap.m */; settings = {COMPILER_FLAGS = "-fno-objc-arc"; }; };
		F4D7B16315E3A16100E1D3AC /* Carbon.framework in Frameworks */ = {isa = PBXBuildFile; fileRef = F4D7B16215E3A16100E1D3AC /* Carbon.framework */; };
		F4D7B16A15E3A18400E1D3AC /* NSObject+SPInvocationGrabbing.m in Sources */ = {isa = PBXBuildFile; fileRef = F4D7B16915E3A18400E1D3AC /* NSObject+SPInvocationGrabbing.m */; settings = {COMPILER_FLAGS = "-fno-objc-arc"; }; };
/* End PBXBuildFile section */

/* Begin PBXContainerItemProxy section */
		A4C4F06015D14D5400EE162F /* PBXContainerItemProxy */ = {
			isa = PBXContainerItemProxy;
			containerPortal = A4C4F05715D14D5400EE162F /* CocoaLibSpotify Mac Framework.xcodeproj */;
			proxyType = 2;
			remoteGlobalIDString = 503D630F13258041007772CA;
			remoteInfo = CocoaLibSpotify;
		};
		A4C4F06215D14D5400EE162F /* PBXContainerItemProxy */ = {
			isa = PBXContainerItemProxy;
			containerPortal = A4C4F05715D14D5400EE162F /* CocoaLibSpotify Mac Framework.xcodeproj */;
			proxyType = 2;
			remoteGlobalIDString = 504E4934155AA85400E1C0F7;
			remoteInfo = CocoaLSTests;
		};
		A4C4F06615D14DC000EE162F /* PBXContainerItemProxy */ = {
			isa = PBXContainerItemProxy;
			containerPortal = A4C4F05715D14D5400EE162F /* CocoaLibSpotify Mac Framework.xcodeproj */;
			proxyType = 1;
			remoteGlobalIDString = 503D630E13258041007772CA;
			remoteInfo = CocoaLibSpotify;
		};
/* End PBXContainerItemProxy section */

/* Begin PBXCopyFilesBuildPhase section */
		A4C4F05115D14B5C00EE162F /* CopyFiles */ = {
			isa = PBXCopyFilesBuildPhase;
			buildActionMask = 12;
			dstPath = "";
			dstSubfolderSpec = 10;
			files = (
				A4086AA615E2B3330047B996 /* CocoaLibSpotify.framework in CopyFiles */,
			);
			runOnlyForDeploymentPostprocessing = 0;
		};
/* End PBXCopyFilesBuildPhase section */

/* Begin PBXFileReference section */
		A427E4D915D54AE500DBED5F /* README.md */ = {isa = PBXFileReference; fileEncoding = 4; lastKnownFileType = text; path = README.md; sourceTree = "<group>"; };
		A427E4E815DE53A500DBED5F /* LCImageView.h */ = {isa = PBXFileReference; fileEncoding = 4; lastKnownFileType = sourcecode.c.h; path = LCImageView.h; sourceTree = "<group>"; };
		A427E4E915DE53A500DBED5F /* LCImageView.m */ = {isa = PBXFileReference; fileEncoding = 4; lastKnownFileType = sourcecode.c.objc; path = LCImageView.m; sourceTree = "<group>"; };
		A427E4EB15DE553400DBED5F /* bar.png */ = {isa = PBXFileReference; lastKnownFileType = image.png; path = bar.png; sourceTree = "<group>"; };
		A427E4EC15DE553400DBED5F /* bar@2x.png */ = {isa = PBXFileReference; lastKnownFileType = image.png; path = "bar@2x.png"; sourceTree = "<group>"; };
		A427E4ED15DE553400DBED5F /* nextHover.png */ = {isa = PBXFileReference; lastKnownFileType = image.png; path = nextHover.png; sourceTree = "<group>"; };
		A427E4EE15DE553400DBED5F /* nextHover@2x.png */ = {isa = PBXFileReference; lastKnownFileType = image.png; path = "nextHover@2x.png"; sourceTree = "<group>"; };
		A427E4EF15DE553400DBED5F /* pause.png */ = {isa = PBXFileReference; lastKnownFileType = image.png; path = pause.png; sourceTree = "<group>"; };
		A427E4F015DE553400DBED5F /* pause@2x.png */ = {isa = PBXFileReference; lastKnownFileType = image.png; path = "pause@2x.png"; sourceTree = "<group>"; };
		A427E4F115DE553400DBED5F /* play.png */ = {isa = PBXFileReference; lastKnownFileType = image.png; path = play.png; sourceTree = "<group>"; };
		A427E4F215DE553400DBED5F /* play@2x.png */ = {isa = PBXFileReference; lastKnownFileType = image.png; path = "play@2x.png"; sourceTree = "<group>"; };
		A427E4F315DE553400DBED5F /* separator.png */ = {isa = PBXFileReference; lastKnownFileType = image.png; path = separator.png; sourceTree = "<group>"; };
		A427E4F415DE553400DBED5F /* separator@2x.png */ = {isa = PBXFileReference; lastKnownFileType = image.png; path = "separator@2x.png"; sourceTree = "<group>"; };
		A427E4FF15DE5A4A00DBED5F /* next.png */ = {isa = PBXFileReference; lastKnownFileType = image.png; path = next.png; sourceTree = "<group>"; };
		A427E50015DE5A4A00DBED5F /* next@2x.png */ = {isa = PBXFileReference; lastKnownFileType = image.png; path = "next@2x.png"; sourceTree = "<group>"; };
		A427E51A15DE7C9D00DBED5F /* LCWindow.h */ = {isa = PBXFileReference; fileEncoding = 4; lastKnownFileType = sourcecode.c.h; path = LCWindow.h; sourceTree = "<group>"; };
		A427E51B15DE7C9D00DBED5F /* LCWindow.m */ = {isa = PBXFileReference; fileEncoding = 4; lastKnownFileType = sourcecode.c.objc; path = LCWindow.m; sourceTree = "<group>"; };
		A427E51E15DE7E0000DBED5F /* LCWindowContentView.h */ = {isa = PBXFileReference; fileEncoding = 4; lastKnownFileType = sourcecode.c.h; path = LCWindowContentView.h; sourceTree = "<group>"; };
		A427E51F15DE7E0000DBED5F /* LCWindowContentView.m */ = {isa = PBXFileReference; fileEncoding = 4; lastKnownFileType = sourcecode.c.objc; path = LCWindowContentView.m; sourceTree = "<group>"; };
		A427E52115DE9B6A00DBED5F /* QuartzCore.framework */ = {isa = PBXFileReference; lastKnownFileType = wrapper.framework; name = QuartzCore.framework; path = System/Library/Frameworks/QuartzCore.framework; sourceTree = SDKROOT; };
		A429589215D2AB5800BC7077 /* NSMutableArray+Shuffle.h */ = {isa = PBXFileReference; fileEncoding = 4; lastKnownFileType = sourcecode.c.h; path = "NSMutableArray+Shuffle.h"; sourceTree = "<group>"; };
		A429589315D2AB5800BC7077 /* NSMutableArray+Shuffle.m */ = {isa = PBXFileReference; fileEncoding = 4; lastKnownFileType = sourcecode.c.objc; path = "NSMutableArray+Shuffle.m"; sourceTree = "<group>"; };
		A429589615D2C0F600BC7077 /* LCLoginViewController.h */ = {isa = PBXFileReference; fileEncoding = 4; lastKnownFileType = sourcecode.c.h; path = LCLoginViewController.h; sourceTree = "<group>"; };
		A429589715D2C0F600BC7077 /* LCLoginViewController.m */ = {isa = PBXFileReference; fileEncoding = 4; lastKnownFileType = sourcecode.c.objc; path = LCLoginViewController.m; sourceTree = "<group>"; };
		A429589815D2C0F600BC7077 /* LCLoginViewController.xib */ = {isa = PBXFileReference; fileEncoding = 4; lastKnownFileType = file.xib; path = LCLoginViewController.xib; sourceTree = "<group>"; };
		A429589D15D2C2AA00BC7077 /* LCLoginWindowController.h */ = {isa = PBXFileReference; fileEncoding = 4; lastKnownFileType = sourcecode.c.h; path = LCLoginWindowController.h; sourceTree = "<group>"; };
		A429589E15D2C2AA00BC7077 /* LCLoginWindowController.m */ = {isa = PBXFileReference; fileEncoding = 4; lastKnownFileType = sourcecode.c.objc; path = LCLoginWindowController.m; sourceTree = "<group>"; };
		A429589F15D2C2AA00BC7077 /* LCLoginWindowController.xib */ = {isa = PBXFileReference; fileEncoding = 4; lastKnownFileType = file.xib; path = LCLoginWindowController.xib; sourceTree = "<group>"; };
		A42958A715D2FC3100BC7077 /* LCUserPreferences.h */ = {isa = PBXFileReference; fileEncoding = 4; lastKnownFileType = sourcecode.c.h; path = LCUserPreferences.h; sourceTree = "<group>"; };
		A42958A815D2FC3100BC7077 /* LCUserPreferences.m */ = {isa = PBXFileReference; fileEncoding = 4; lastKnownFileType = sourcecode.c.objc; path = LCUserPreferences.m; sourceTree = "<group>"; };
		A42958AA15D3054600BC7077 /* LCConstants.h */ = {isa = PBXFileReference; fileEncoding = 4; lastKnownFileType = sourcecode.c.h; path = LCConstants.h; sourceTree = "<group>"; };
		A42958AB15D3054600BC7077 /* LCConstants.m */ = {isa = PBXFileReference; fileEncoding = 4; lastKnownFileType = sourcecode.c.objc; path = LCConstants.m; sourceTree = "<group>"; };
		A49971EF15D1543100AA14E9 /* LCPlaybackManager.h */ = {isa = PBXFileReference; fileEncoding = 4; lastKnownFileType = sourcecode.c.h; path = LCPlaybackManager.h; sourceTree = "<group>"; };
		A49971F015D1543100AA14E9 /* LCPlaybackManager.m */ = {isa = PBXFileReference; fileEncoding = 4; lastKnownFileType = sourcecode.c.objc; path = LCPlaybackManager.m; sourceTree = "<group>"; };
		A49971F215D172C900AA14E9 /* AudioToolbox.framework */ = {isa = PBXFileReference; lastKnownFileType = wrapper.framework; name = AudioToolbox.framework; path = System/Library/Frameworks/AudioToolbox.framework; sourceTree = SDKROOT; };
		A4C4EF5415D1361E00EE162F /* Le Code.app */ = {isa = PBXFileReference; explicitFileType = wrapper.application; includeInIndex = 0; path = "Le Code.app"; sourceTree = BUILT_PRODUCTS_DIR; };
		A4C4EF5815D1361E00EE162F /* Cocoa.framework */ = {isa = PBXFileReference; lastKnownFileType = wrapper.framework; name = Cocoa.framework; path = System/Library/Frameworks/Cocoa.framework; sourceTree = SDKROOT; };
		A4C4EF5B15D1361E00EE162F /* AppKit.framework */ = {isa = PBXFileReference; lastKnownFileType = wrapper.framework; name = AppKit.framework; path = System/Library/Frameworks/AppKit.framework; sourceTree = SDKROOT; };
		A4C4EF5C15D1361E00EE162F /* CoreData.framework */ = {isa = PBXFileReference; lastKnownFileType = wrapper.framework; name = CoreData.framework; path = System/Library/Frameworks/CoreData.framework; sourceTree = SDKROOT; };
		A4C4EF5D15D1361E00EE162F /* Foundation.framework */ = {isa = PBXFileReference; lastKnownFileType = wrapper.framework; name = Foundation.framework; path = System/Library/Frameworks/Foundation.framework; sourceTree = SDKROOT; };
		A4C4EF6015D1361E00EE162F /* Le Code-Info.plist */ = {isa = PBXFileReference; lastKnownFileType = text.plist.xml; path = "Le Code-Info.plist"; sourceTree = "<group>"; };
		A4C4EF6215D1361E00EE162F /* en */ = {isa = PBXFileReference; lastKnownFileType = text.plist.strings; name = en; path = en.lproj/InfoPlist.strings; sourceTree = "<group>"; };
		A4C4EF6415D1361E00EE162F /* main.m */ = {isa = PBXFileReference; lastKnownFileType = sourcecode.c.objc; path = main.m; sourceTree = "<group>"; };
		A4C4EF6615D1361E00EE162F /* Le Code-Prefix.pch */ = {isa = PBXFileReference; lastKnownFileType = sourcecode.c.h; path = "Le Code-Prefix.pch"; sourceTree = "<group>"; };
		A4C4EF6815D1361E00EE162F /* en */ = {isa = PBXFileReference; lastKnownFileType = text.rtf; name = en; path = en.lproj/Credits.rtf; sourceTree = "<group>"; };
		A4C4EF6A15D1361E00EE162F /* LCAppDelegate.h */ = {isa = PBXFileReference; lastKnownFileType = sourcecode.c.h; path = LCAppDelegate.h; sourceTree = "<group>"; };
		A4C4EF6B15D1361E00EE162F /* LCAppDelegate.m */ = {isa = PBXFileReference; lastKnownFileType = sourcecode.c.objc; path = LCAppDelegate.m; sourceTree = "<group>"; };
		A4C4EF6E15D1361E00EE162F /* en */ = {isa = PBXFileReference; lastKnownFileType = file.xib; name = en; path = en.lproj/MainMenu.xib; sourceTree = "<group>"; };
		A4C4EF7715D1376200EE162F /* LCWindowController.h */ = {isa = PBXFileReference; fileEncoding = 4; lastKnownFileType = sourcecode.c.h; path = LCWindowController.h; sourceTree = "<group>"; };
		A4C4EF7815D1376200EE162F /* LCWindowController.m */ = {isa = PBXFileReference; fileEncoding = 4; lastKnownFileType = sourcecode.c.objc; path = LCWindowController.m; sourceTree = "<group>"; };
		A4C4EF7915D1376200EE162F /* LCWindowController.xib */ = {isa = PBXFileReference; fileEncoding = 4; lastKnownFileType = file.xib; path = LCWindowController.xib; sourceTree = "<group>"; };
		A4C4F05715D14D5400EE162F /* CocoaLibSpotify Mac Framework.xcodeproj */ = {isa = PBXFileReference; lastKnownFileType = "wrapper.pb-project"; name = "CocoaLibSpotify Mac Framework.xcodeproj"; path = "Cocoa Spotify/Mac Framework/CocoaLibSpotify Mac Framework.xcodeproj"; sourceTree = "<group>"; };
		A4C4F06815D14E7A00EE162F /* appkey.c */ = {isa = PBXFileReference; fileEncoding = 4; lastKnownFileType = sourcecode.c.c; path = appkey.c; sourceTree = "<group>"; };
		A4C4F06C15D14EF000EE162F /* LCMusicPlayerViewController.h */ = {isa = PBXFileReference; fileEncoding = 4; lastKnownFileType = sourcecode.c.h; path = LCMusicPlayerViewController.h; sourceTree = "<group>"; };
		A4C4F06D15D14EF000EE162F /* LCMusicPlayerViewController.m */ = {isa = PBXFileReference; fileEncoding = 4; lastKnownFileType = sourcecode.c.objc; path = LCMusicPlayerViewController.m; sourceTree = "<group>"; };
		A4C4F06E15D14EF000EE162F /* LCMusicPlayerViewController.xib */ = {isa = PBXFileReference; fileEncoding = 4; lastKnownFileType = file.xib; path = LCMusicPlayerViewController.xib; sourceTree = "<group>"; };
		A4E350B715D404D900565DE9 /* LCStyledView.h */ = {isa = PBXFileReference; fileEncoding = 4; lastKnownFileType = sourcecode.c.h; path = LCStyledView.h; sourceTree = "<group>"; };
		A4E350B815D404D900565DE9 /* LCStyledView.m */ = {isa = PBXFileReference; fileEncoding = 4; lastKnownFileType = sourcecode.c.objc; path = LCStyledView.m; sourceTree = "<group>"; };
		A4E350BB15D4054600565DE9 /* NSBezierPath+Additions.h */ = {isa = PBXFileReference; fileEncoding = 4; lastKnownFileType = sourcecode.c.h; path = "NSBezierPath+Additions.h"; sourceTree = "<group>"; };
		A4E350BC15D4054600565DE9 /* NSBezierPath+Additions.m */ = {isa = PBXFileReference; fileEncoding = 4; lastKnownFileType = sourcecode.c.objc; path = "NSBezierPath+Additions.m"; sourceTree = "<group>"; };
		A4E350BF15D4055D00565DE9 /* NSImage+Additions.h */ = {isa = PBXFileReference; fileEncoding = 4; lastKnownFileType = sourcecode.c.h; path = "NSImage+Additions.h"; sourceTree = "<group>"; };
		A4E350C015D4055D00565DE9 /* NSImage+Additions.m */ = {isa = PBXFileReference; fileEncoding = 4; lastKnownFileType = sourcecode.c.objc; path = "NSImage+Additions.m"; sourceTree = "<group>"; };
		A4E350C315D4057D00565DE9 /* NSGraphicsContext+Additions.h */ = {isa = PBXFileReference; fileEncoding = 4; lastKnownFileType = sourcecode.c.h; path = "NSGraphicsContext+Additions.h"; sourceTree = "<group>"; };
		A4E350C415D4057D00565DE9 /* NSGraphicsContext+Additions.m */ = {isa = PBXFileReference; fileEncoding = 4; lastKnownFileType = sourcecode.c.objc; path = "NSGraphicsContext+Additions.m"; sourceTree = "<group>"; };
		F4D7B15F15E3A15100E1D3AC /* SPMediaKeyTap.h */ = {isa = PBXFileReference; fileEncoding = 4; lastKnownFileType = sourcecode.c.h; name = SPMediaKeyTap.h; path = SPMediaKeyTap/SPMediaKeyTap.h; sourceTree = "<group>"; };
		F4D7B16015E3A15100E1D3AC /* SPMediaKeyTap.m */ = {isa = PBXFileReference; fileEncoding = 4; lastKnownFileType = sourcecode.c.objc; name = SPMediaKeyTap.m; path = SPMediaKeyTap/SPMediaKeyTap.m; sourceTree = "<group>"; };
		F4D7B16215E3A16100E1D3AC /* Carbon.framework */ = {isa = PBXFileReference; lastKnownFileType = wrapper.framework; name = Carbon.framework; path = System/Library/Frameworks/Carbon.framework; sourceTree = SDKROOT; };
		F4D7B16815E3A18400E1D3AC /* NSObject+SPInvocationGrabbing.h */ = {isa = PBXFileReference; fileEncoding = 4; lastKnownFileType = sourcecode.c.h; name = "NSObject+SPInvocationGrabbing.h"; path = "SPMediaKeyTap/SPInvocationGrabbing/NSObject+SPInvocationGrabbing.h"; sourceTree = "<group>"; };
		F4D7B16915E3A18400E1D3AC /* NSObject+SPInvocationGrabbing.m */ = {isa = PBXFileReference; fileEncoding = 4; lastKnownFileType = sourcecode.c.objc; name = "NSObject+SPInvocationGrabbing.m"; path = "SPMediaKeyTap/SPInvocationGrabbing/NSObject+SPInvocationGrabbing.m"; sourceTree = "<group>"; };
/* End PBXFileReference section */

/* Begin PBXFrameworksBuildPhase section */
		A4C4EF5115D1361E00EE162F /* Frameworks */ = {
			isa = PBXFrameworksBuildPhase;
			buildActionMask = 2147483647;
			files = (
				F4D7B16315E3A16100E1D3AC /* Carbon.framework in Frameworks */,
				A427E52215DE9B6A00DBED5F /* QuartzCore.framework in Frameworks */,
				A49971F315D172CA00AA14E9 /* AudioToolbox.framework in Frameworks */,
				A4C4EF5915D1361E00EE162F /* Cocoa.framework in Frameworks */,
				A4086AA715E2B3450047B996 /* CocoaLibSpotify.framework in Frameworks */,
			);
			runOnlyForDeploymentPostprocessing = 0;
		};
/* End PBXFrameworksBuildPhase section */

/* Begin PBXGroup section */
		A427E4E715DE534E00DBED5F /* Image View */ = {
			isa = PBXGroup;
			children = (
				A427E4E815DE53A500DBED5F /* LCImageView.h */,
				A427E4E915DE53A500DBED5F /* LCImageView.m */,
			);
			name = "Image View";
			sourceTree = "<group>";
		};
		A427E51915DE7C8100DBED5F /* LCWindow */ = {
			isa = PBXGroup;
			children = (
				A427E51A15DE7C9D00DBED5F /* LCWindow.h */,
				A427E51B15DE7C9D00DBED5F /* LCWindow.m */,
			);
			name = LCWindow;
			sourceTree = "<group>";
		};
		A427E51D15DE7DEE00DBED5F /* LCWindowContentView */ = {
			isa = PBXGroup;
			children = (
				A427E51E15DE7E0000DBED5F /* LCWindowContentView.h */,
				A427E51F15DE7E0000DBED5F /* LCWindowContentView.m */,
			);
			name = LCWindowContentView;
			sourceTree = "<group>";
		};
		A429588E15D2AADB00BC7077 /* Categories */ = {
			isa = PBXGroup;
			children = (
				A4E350C215D4056A00565DE9 /* NSGraphicsContext+Additions */,
				A4E350BE15D4054E00565DE9 /* NSImage+Additions */,
				A4E350BA15D4052E00565DE9 /* NSBezierPath+Additions */,
				A429589115D2AAEC00BC7077 /* NSMutableArray+Shuffle */,
			);
			name = Categories;
			sourceTree = "<group>";
		};
		A429589115D2AAEC00BC7077 /* NSMutableArray+Shuffle */ = {
			isa = PBXGroup;
			children = (
				A429589215D2AB5800BC7077 /* NSMutableArray+Shuffle.h */,
				A429589315D2AB5800BC7077 /* NSMutableArray+Shuffle.m */,
			);
			name = "NSMutableArray+Shuffle";
			sourceTree = "<group>";
		};
		A429589515D2C0D600BC7077 /* Login Controller */ = {
			isa = PBXGroup;
			children = (
				A429589615D2C0F600BC7077 /* LCLoginViewController.h */,
				A429589715D2C0F600BC7077 /* LCLoginViewController.m */,
			);
			name = "Login Controller";
			sourceTree = "<group>";
		};
		A429589B15D2C28C00BC7077 /* Main Window */ = {
			isa = PBXGroup;
			children = (
				A4C4EF7715D1376200EE162F /* LCWindowController.h */,
				A4C4EF7815D1376200EE162F /* LCWindowController.m */,
			);
			name = "Main Window";
			sourceTree = "<group>";
		};
		A429589C15D2C29500BC7077 /* Login Window */ = {
			isa = PBXGroup;
			children = (
				A429589D15D2C2AA00BC7077 /* LCLoginWindowController.h */,
				A429589E15D2C2AA00BC7077 /* LCLoginWindowController.m */,
			);
			name = "Login Window";
			sourceTree = "<group>";
		};
		A42958A615D2FC1C00BC7077 /* UserPreferences */ = {
			isa = PBXGroup;
			children = (
				A42958A715D2FC3100BC7077 /* LCUserPreferences.h */,
				A42958A815D2FC3100BC7077 /* LCUserPreferences.m */,
			);
			name = UserPreferences;
			sourceTree = "<group>";
		};
		A49971ED15D1540B00AA14E9 /* Utility */ = {
			isa = PBXGroup;
			children = (
				A42958A615D2FC1C00BC7077 /* UserPreferences */,
				A49971EE15D1541700AA14E9 /* Playback Manager */,
			);
			name = Utility;
			sourceTree = "<group>";
		};
		A49971EE15D1541700AA14E9 /* Playback Manager */ = {
			isa = PBXGroup;
			children = (
				A49971EF15D1543100AA14E9 /* LCPlaybackManager.h */,
				A49971F015D1543100AA14E9 /* LCPlaybackManager.m */,
			);
			name = "Playback Manager";
			sourceTree = "<group>";
		};
		A499722815D403AD00AA14E9 /* Views */ = {
			isa = PBXGroup;
			children = (
				A427E51D15DE7DEE00DBED5F /* LCWindowContentView */,
				A427E51915DE7C8100DBED5F /* LCWindow */,
				A427E4E715DE534E00DBED5F /* Image View */,
				A499722915D403B700AA14E9 /* Styled View */,
			);
			name = Views;
			sourceTree = "<group>";
		};
		A499722915D403B700AA14E9 /* Styled View */ = {
			isa = PBXGroup;
			children = (
				A4E350B715D404D900565DE9 /* LCStyledView.h */,
				A4E350B815D404D900565DE9 /* LCStyledView.m */,
			);
			name = "Styled View";
			sourceTree = "<group>";
		};
		A4C4EF4915D1361E00EE162F = {
			isa = PBXGroup;
			children = (
				A4C4F05715D14D5400EE162F /* CocoaLibSpotify Mac Framework.xcodeproj */,
				A4C4EF5E15D1361E00EE162F /* Le Code */,
				A4C4EF5715D1361E00EE162F /* Frameworks */,
				A4C4EF5515D1361E00EE162F /* Products */,
				A427E4D915D54AE500DBED5F /* README.md */,
			);
			sourceTree = "<group>";
		};
		A4C4EF5515D1361E00EE162F /* Products */ = {
			isa = PBXGroup;
			children = (
				A4C4EF5415D1361E00EE162F /* Le Code.app */,
			);
			name = Products;
			sourceTree = "<group>";
		};
		A4C4EF5715D1361E00EE162F /* Frameworks */ = {
			isa = PBXGroup;
			children = (
				F4D7B16215E3A16100E1D3AC /* Carbon.framework */,
				A49971F215D172C900AA14E9 /* AudioToolbox.framework */,
				A427E52115DE9B6A00DBED5F /* QuartzCore.framework */,
				A4C4EF5815D1361E00EE162F /* Cocoa.framework */,
				A4C4EF5A15D1361E00EE162F /* Other Frameworks */,
			);
			name = Frameworks;
			sourceTree = "<group>";
		};
		A4C4EF5A15D1361E00EE162F /* Other Frameworks */ = {
			isa = PBXGroup;
			children = (
				A4C4EF5B15D1361E00EE162F /* AppKit.framework */,
				A4C4EF5C15D1361E00EE162F /* CoreData.framework */,
				A4C4EF5D15D1361E00EE162F /* Foundation.framework */,
			);
			name = "Other Frameworks";
			sourceTree = "<group>";
		};
		A4C4EF5E15D1361E00EE162F /* Le Code */ = {
			isa = PBXGroup;
			children = (
				A4C4EF6A15D1361E00EE162F /* LCAppDelegate.h */,
				A4C4EF6B15D1361E00EE162F /* LCAppDelegate.m */,
				A42958AA15D3054600BC7077 /* LCConstants.h */,
				A42958AB15D3054600BC7077 /* LCConstants.m */,
				A4C4EF7615D1363000EE162F /* Window Controllers */,
				A4C4F06A15D14EC100EE162F /* View Controllers */,
				A499722815D403AD00AA14E9 /* Views */,
				A429588E15D2AADB00BC7077 /* Categories */,
				A49971ED15D1540B00AA14E9 /* Utility */,
				A4C4EF7515D1362800EE162F /* Xibs */,
				A4C4EF7C15D1463000EE162F /* Vendor */,
				A4E350C615D40BC200565DE9 /* Resources */,
				A4C4EF5F15D1361E00EE162F /* Supporting Files */,
			);
			path = "Le Code";
			sourceTree = "<group>";
		};
		A4C4EF5F15D1361E00EE162F /* Supporting Files */ = {
			isa = PBXGroup;
			children = (
				A4C4F06815D14E7A00EE162F /* appkey.c */,
				A4C4EF6015D1361E00EE162F /* Le Code-Info.plist */,
				A4C4EF6115D1361E00EE162F /* InfoPlist.strings */,
				A4C4EF6415D1361E00EE162F /* main.m */,
				A4C4EF6615D1361E00EE162F /* Le Code-Prefix.pch */,
				A4C4EF6715D1361E00EE162F /* Credits.rtf */,
			);
			name = "Supporting Files";
			sourceTree = "<group>";
		};
		A4C4EF7515D1362800EE162F /* Xibs */ = {
			isa = PBXGroup;
			children = (
				A429589F15D2C2AA00BC7077 /* LCLoginWindowController.xib */,
				A429589815D2C0F600BC7077 /* LCLoginViewController.xib */,
				A4C4F06E15D14EF000EE162F /* LCMusicPlayerViewController.xib */,
				A4C4EF7915D1376200EE162F /* LCWindowController.xib */,
				A4C4EF6D15D1361E00EE162F /* MainMenu.xib */,
			);
			name = Xibs;
			sourceTree = "<group>";
		};
		A4C4EF7615D1363000EE162F /* Window Controllers */ = {
			isa = PBXGroup;
			children = (
				A429589C15D2C29500BC7077 /* Login Window */,
				A429589B15D2C28C00BC7077 /* Main Window */,
			);
			name = "Window Controllers";
			sourceTree = "<group>";
		};
		A4C4EF7C15D1463000EE162F /* Vendor */ = {
			isa = PBXGroup;
			children = (
				F4D7B15E15E3A14900E1D3AC /* SPMediaKeyTap */,
			);
			name = Vendor;
			sourceTree = "<group>";
		};
		A4C4F05815D14D5400EE162F /* Products */ = {
			isa = PBXGroup;
			children = (
				A4C4F06115D14D5400EE162F /* CocoaLibSpotify.framework */,
				A4C4F06315D14D5400EE162F /* CocoaLibSpotify Test Container.app */,
			);
			name = Products;
			sourceTree = "<group>";
		};
		A4C4F06A15D14EC100EE162F /* View Controllers */ = {
			isa = PBXGroup;
			children = (
				A429589515D2C0D600BC7077 /* Login Controller */,
				A4C4F06B15D14ECC00EE162F /* Music Player  */,
			);
			name = "View Controllers";
			sourceTree = "<group>";
		};
		A4C4F06B15D14ECC00EE162F /* Music Player  */ = {
			isa = PBXGroup;
			children = (
				A4C4F06C15D14EF000EE162F /* LCMusicPlayerViewController.h */,
				A4C4F06D15D14EF000EE162F /* LCMusicPlayerViewController.m */,
			);
			name = "Music Player ";
			sourceTree = "<group>";
		};
		A4E350BA15D4052E00565DE9 /* NSBezierPath+Additions */ = {
			isa = PBXGroup;
			children = (
				A4E350BB15D4054600565DE9 /* NSBezierPath+Additions.h */,
				A4E350BC15D4054600565DE9 /* NSBezierPath+Additions.m */,
			);
			name = "NSBezierPath+Additions";
			sourceTree = "<group>";
		};
		A4E350BE15D4054E00565DE9 /* NSImage+Additions */ = {
			isa = PBXGroup;
			children = (
				A4E350BF15D4055D00565DE9 /* NSImage+Additions.h */,
				A4E350C015D4055D00565DE9 /* NSImage+Additions.m */,
			);
			name = "NSImage+Additions";
			sourceTree = "<group>";
		};
		A4E350C215D4056A00565DE9 /* NSGraphicsContext+Additions */ = {
			isa = PBXGroup;
			children = (
				A4E350C315D4057D00565DE9 /* NSGraphicsContext+Additions.h */,
				A4E350C415D4057D00565DE9 /* NSGraphicsContext+Additions.m */,
			);
			name = "NSGraphicsContext+Additions";
			sourceTree = "<group>";
		};
		A4E350C615D40BC200565DE9 /* Resources */ = {
			isa = PBXGroup;
			children = (
				A4E350C715D40BCF00565DE9 /* Images */,
			);
			name = Resources;
			sourceTree = "<group>";
		};
		A4E350C715D40BCF00565DE9 /* Images */ = {
			isa = PBXGroup;
			children = (
				A427E4FF15DE5A4A00DBED5F /* next.png */,
				A427E50015DE5A4A00DBED5F /* next@2x.png */,
				A427E4EB15DE553400DBED5F /* bar.png */,
				A427E4EC15DE553400DBED5F /* bar@2x.png */,
				A427E4ED15DE553400DBED5F /* nextHover.png */,
				A427E4EE15DE553400DBED5F /* nextHover@2x.png */,
				A427E4EF15DE553400DBED5F /* pause.png */,
				A427E4F015DE553400DBED5F /* pause@2x.png */,
				A427E4F115DE553400DBED5F /* play.png */,
				A427E4F215DE553400DBED5F /* play@2x.png */,
				A427E4F315DE553400DBED5F /* separator.png */,
				A427E4F415DE553400DBED5F /* separator@2x.png */,
			);
			name = Images;
			sourceTree = "<group>";
		};
		F4D7B15E15E3A14900E1D3AC /* SPMediaKeyTap */ = {
			isa = PBXGroup;
			children = (
				F4D7B15F15E3A15100E1D3AC /* SPMediaKeyTap.h */,
				F4D7B16015E3A15100E1D3AC /* SPMediaKeyTap.m */,
				F4D7B16815E3A18400E1D3AC /* NSObject+SPInvocationGrabbing.h */,
				F4D7B16915E3A18400E1D3AC /* NSObject+SPInvocationGrabbing.m */,
			);
			name = SPMediaKeyTap;
			sourceTree = "<group>";
		};
/* End PBXGroup section */

/* Begin PBXNativeTarget section */
		A4C4EF5315D1361E00EE162F /* Le Code */ = {
			isa = PBXNativeTarget;
			buildConfigurationList = A4C4EF7215D1361E00EE162F /* Build configuration list for PBXNativeTarget "Le Code" */;
			buildPhases = (
				A4C4EF5015D1361E00EE162F /* Sources */,
				A4C4EF5115D1361E00EE162F /* Frameworks */,
				A4C4EF5215D1361E00EE162F /* Resources */,
				A4C4F05115D14B5C00EE162F /* CopyFiles */,
			);
			buildRules = (
			);
			dependencies = (
				A4C4F06715D14DC000EE162F /* PBXTargetDependency */,
			);
			name = "Le Code";
			productName = "Le Code";
			productReference = A4C4EF5415D1361E00EE162F /* Le Code.app */;
			productType = "com.apple.product-type.application";
		};
/* End PBXNativeTarget section */

/* Begin PBXProject section */
		A4C4EF4B15D1361E00EE162F /* Project object */ = {
			isa = PBXProject;
			attributes = {
				CLASSPREFIX = LC;
				LastUpgradeCheck = 0440;
				ORGANIZATIONNAME = Riot;
			};
			buildConfigurationList = A4C4EF4E15D1361E00EE162F /* Build configuration list for PBXProject "Le Code" */;
			compatibilityVersion = "Xcode 3.2";
			developmentRegion = English;
			hasScannedForEncodings = 0;
			knownRegions = (
				en,
			);
			mainGroup = A4C4EF4915D1361E00EE162F;
			productRefGroup = A4C4EF5515D1361E00EE162F /* Products */;
			projectDirPath = "";
			projectReferences = (
				{
					ProductGroup = A4C4F05815D14D5400EE162F /* Products */;
					ProjectRef = A4C4F05715D14D5400EE162F /* CocoaLibSpotify Mac Framework.xcodeproj */;
				},
			);
			projectRoot = "";
			targets = (
				A4C4EF5315D1361E00EE162F /* Le Code */,
			);
		};
/* End PBXProject section */

/* Begin PBXReferenceProxy section */
		A4C4F06115D14D5400EE162F /* CocoaLibSpotify.framework */ = {
			isa = PBXReferenceProxy;
			fileType = wrapper.framework;
			path = CocoaLibSpotify.framework;
			remoteRef = A4C4F06015D14D5400EE162F /* PBXContainerItemProxy */;
			sourceTree = BUILT_PRODUCTS_DIR;
		};
		A4C4F06315D14D5400EE162F /* CocoaLibSpotify Test Container.app */ = {
			isa = PBXReferenceProxy;
			fileType = wrapper.application;
			name = "CocoaLibSpotify Test Container.app";
			path = CocoaLSTests.app;
			remoteRef = A4C4F06215D14D5400EE162F /* PBXContainerItemProxy */;
			sourceTree = BUILT_PRODUCTS_DIR;
		};
/* End PBXReferenceProxy section */

/* Begin PBXResourcesBuildPhase section */
		A4C4EF5215D1361E00EE162F /* Resources */ = {
			isa = PBXResourcesBuildPhase;
			buildActionMask = 2147483647;
			files = (
				A4C4EF6315D1361E00EE162F /* InfoPlist.strings in Resources */,
				A4C4EF6915D1361E00EE162F /* Credits.rtf in Resources */,
				A4C4EF6F15D1361E00EE162F /* MainMenu.xib in Resources */,
				A4C4EF7B15D1376200EE162F /* LCWindowController.xib in Resources */,
				A4C4F07015D14EF000EE162F /* LCMusicPlayerViewController.xib in Resources */,
				A429589A15D2C0F600BC7077 /* LCLoginViewController.xib in Resources */,
				A42958A115D2C2AA00BC7077 /* LCLoginWindowController.xib in Resources */,
				A427E4DA15D54AE500DBED5F /* README.md in Resources */,
				A427E4F515DE553400DBED5F /* bar.png in Resources */,
				A427E4F615DE553400DBED5F /* bar@2x.png in Resources */,
				A427E4F715DE553400DBED5F /* nextHover.png in Resources */,
				A427E4F815DE553400DBED5F /* nextHover@2x.png in Resources */,
				A427E4F915DE553400DBED5F /* pause.png in Resources */,
				A427E4FA15DE553400DBED5F /* pause@2x.png in Resources */,
				A427E4FB15DE553400DBED5F /* play.png in Resources */,
				A427E4FC15DE553400DBED5F /* play@2x.png in Resources */,
				A427E4FD15DE553400DBED5F /* separator.png in Resources */,
				A427E4FE15DE553400DBED5F /* separator@2x.png in Resources */,
				A427E50115DE5A4A00DBED5F /* next.png in Resources */,
				A427E50215DE5A4A00DBED5F /* next@2x.png in Resources */,
			);
			runOnlyForDeploymentPostprocessing = 0;
		};
/* End PBXResourcesBuildPhase section */

/* Begin PBXSourcesBuildPhase section */
		A4C4EF5015D1361E00EE162F /* Sources */ = {
			isa = PBXSourcesBuildPhase;
			buildActionMask = 2147483647;
			files = (
				A4C4EF6515D1361E00EE162F /* main.m in Sources */,
				A4C4EF6C15D1361E00EE162F /* LCAppDelegate.m in Sources */,
				A4C4EF7A15D1376200EE162F /* LCWindowController.m in Sources */,
				A4C4F06915D14E7A00EE162F /* appkey.c in Sources */,
				A4C4F06F15D14EF000EE162F /* LCMusicPlayerViewController.m in Sources */,
				A49971F115D1543100AA14E9 /* LCPlaybackManager.m in Sources */,
				A429589415D2AB5800BC7077 /* NSMutableArray+Shuffle.m in Sources */,
				A429589915D2C0F600BC7077 /* LCLoginViewController.m in Sources */,
				A42958A015D2C2AA00BC7077 /* LCLoginWindowController.m in Sources */,
				A42958A915D2FC3100BC7077 /* LCUserPreferences.m in Sources */,
				A42958AC15D3054700BC7077 /* LCConstants.m in Sources */,
				A4E350B915D404D900565DE9 /* LCStyledView.m in Sources */,
				A4E350BD15D4054600565DE9 /* NSBezierPath+Additions.m in Sources */,
				A4E350C115D4055D00565DE9 /* NSImage+Additions.m in Sources */,
				A4E350C515D4057D00565DE9 /* NSGraphicsContext+Additions.m in Sources */,
				A427E4EA15DE53A500DBED5F /* LCImageView.m in Sources */,
				A427E51C15DE7C9D00DBED5F /* LCWindow.m in Sources */,
				A427E52015DE7E0000DBED5F /* LCWindowContentView.m in Sources */,
				F4D7B16115E3A15100E1D3AC /* SPMediaKeyTap.m in Sources */,
				F4D7B16A15E3A18400E1D3AC /* NSObject+SPInvocationGrabbing.m in Sources */,
			);
			runOnlyForDeploymentPostprocessing = 0;
		};
/* End PBXSourcesBuildPhase section */

/* Begin PBXTargetDependency section */
		A4C4F06715D14DC000EE162F /* PBXTargetDependency */ = {
			isa = PBXTargetDependency;
			name = CocoaLibSpotify;
			targetProxy = A4C4F06615D14DC000EE162F /* PBXContainerItemProxy */;
		};
/* End PBXTargetDependency section */

/* Begin PBXVariantGroup section */
		A4C4EF6115D1361E00EE162F /* InfoPlist.strings */ = {
			isa = PBXVariantGroup;
			children = (
				A4C4EF6215D1361E00EE162F /* en */,
			);
			name = InfoPlist.strings;
			sourceTree = "<group>";
		};
		A4C4EF6715D1361E00EE162F /* Credits.rtf */ = {
			isa = PBXVariantGroup;
			children = (
				A4C4EF6815D1361E00EE162F /* en */,
			);
			name = Credits.rtf;
			sourceTree = "<group>";
		};
		A4C4EF6D15D1361E00EE162F /* MainMenu.xib */ = {
			isa = PBXVariantGroup;
			children = (
				A4C4EF6E15D1361E00EE162F /* en */,
			);
			name = MainMenu.xib;
			sourceTree = "<group>";
		};
/* End PBXVariantGroup section */

/* Begin XCBuildConfiguration section */
		A4C4EF7015D1361E00EE162F /* Debug */ = {
			isa = XCBuildConfiguration;
			buildSettings = {
				ALWAYS_SEARCH_USER_PATHS = NO;
				ARCHS = "$(ARCHS_STANDARD_64_BIT)";
				CLANG_CXX_LANGUAGE_STANDARD = "gnu++0x";
				CLANG_ENABLE_OBJC_ARC = YES;
				CLANG_WARN__DUPLICATE_METHOD_MATCH = YES;
				COPY_PHASE_STRIP = NO;
				GCC_C_LANGUAGE_STANDARD = gnu99;
				GCC_DYNAMIC_NO_PIC = NO;
				GCC_ENABLE_OBJC_EXCEPTIONS = YES;
				GCC_OPTIMIZATION_LEVEL = 0;
				GCC_PREPROCESSOR_DEFINITIONS = (
					"DEBUG=1",
					"$(inherited)",
				);
				GCC_SYMBOLS_PRIVATE_EXTERN = NO;
				GCC_WARN_64_TO_32_BIT_CONVERSION = YES;
				GCC_WARN_ABOUT_RETURN_TYPE = YES;
				GCC_WARN_UNINITIALIZED_AUTOS = YES;
				GCC_WARN_UNUSED_VARIABLE = YES;
				MACOSX_DEPLOYMENT_TARGET = 10.8;
				ONLY_ACTIVE_ARCH = YES;
				SDKROOT = macosx;
			};
			name = Debug;
		};
		A4C4EF7115D1361E00EE162F /* Release */ = {
			isa = XCBuildConfiguration;
			buildSettings = {
				ALWAYS_SEARCH_USER_PATHS = NO;
				ARCHS = "$(ARCHS_STANDARD_64_BIT)";
				CLANG_CXX_LANGUAGE_STANDARD = "gnu++0x";
				CLANG_ENABLE_OBJC_ARC = YES;
				CLANG_WARN__DUPLICATE_METHOD_MATCH = YES;
				COPY_PHASE_STRIP = YES;
				DEBUG_INFORMATION_FORMAT = "dwarf-with-dsym";
				GCC_C_LANGUAGE_STANDARD = gnu99;
				GCC_ENABLE_OBJC_EXCEPTIONS = YES;
				GCC_WARN_64_TO_32_BIT_CONVERSION = YES;
				GCC_WARN_ABOUT_RETURN_TYPE = YES;
				GCC_WARN_UNINITIALIZED_AUTOS = YES;
				GCC_WARN_UNUSED_VARIABLE = YES;
				MACOSX_DEPLOYMENT_TARGET = 10.8;
				SDKROOT = macosx;
			};
			name = Release;
		};
		A4C4EF7315D1361E00EE162F /* Debug */ = {
			isa = XCBuildConfiguration;
			buildSettings = {
				COMBINE_HIDPI_IMAGES = YES;
				FRAMEWORK_SEARCH_PATHS = (
					"$(inherited)",
					"\"$(SRCROOT)\"",
					"\"$(SRCROOT)/../../../Library/Developer/Xcode/DerivedData/Le_Code-eghsnudufcqyqpdyrlpnjvfzfdef/Build/Products/Debug\"",
					"\"$CONFIGURATION_BUILD_DIR/CocoaLibSpotify.framework/Versions/Frameworks\"",
				);
				GCC_PRECOMPILE_PREFIX_HEADER = YES;
				GCC_PREFIX_HEADER = "Le Code/Le Code-Prefix.pch";
				INFOPLIST_FILE = "Le Code/Le Code-Info.plist";
				MACOSX_DEPLOYMENT_TARGET = 10.7;
				PRODUCT_NAME = "$(TARGET_NAME)";
				WRAPPER_EXTENSION = app;
			};
			name = Debug;
		};
		A4C4EF7415D1361E00EE162F /* Release */ = {
			isa = XCBuildConfiguration;
			buildSettings = {
				COMBINE_HIDPI_IMAGES = YES;
				FRAMEWORK_SEARCH_PATHS = (
					"$(inherited)",
					"\"$(SRCROOT)\"",
					"\"$(SRCROOT)/../../../Library/Developer/Xcode/DerivedData/Le_Code-eghsnudufcqyqpdyrlpnjvfzfdef/Build/Products/Debug\"",
					"\"$CONFIGURATION_BUILD_DIR/CocoaLibSpotify.framework/Versions/Frameworks\"",
				);
				GCC_PRECOMPILE_PREFIX_HEADER = YES;
				GCC_PREFIX_HEADER = "Le Code/Le Code-Prefix.pch";
				INFOPLIST_FILE = "Le Code/Le Code-Info.plist";
				MACOSX_DEPLOYMENT_TARGET = 10.7;
				PRODUCT_NAME = "$(TARGET_NAME)";
				WRAPPER_EXTENSION = app;
			};
			name = Release;
		};
/* End XCBuildConfiguration section */

/* Begin XCConfigurationList section */
		A4C4EF4E15D1361E00EE162F /* Build configuration list for PBXProject "Le Code" */ = {
			isa = XCConfigurationList;
			buildConfigurations = (
				A4C4EF7015D1361E00EE162F /* Debug */,
				A4C4EF7115D1361E00EE162F /* Release */,
			);
			defaultConfigurationIsVisible = 0;
			defaultConfigurationName = Release;
		};
		A4C4EF7215D1361E00EE162F /* Build configuration list for PBXNativeTarget "Le Code" */ = {
			isa = XCConfigurationList;
			buildConfigurations = (
				A4C4EF7315D1361E00EE162F /* Debug */,
				A4C4EF7415D1361E00EE162F /* Release */,
			);
			defaultConfigurationIsVisible = 0;
			defaultConfigurationName = Release;
		};
/* End XCConfigurationList section */
	};
	rootObject = A4C4EF4B15D1361E00EE162F /* Project object */;
}
